github.com/fzipp/astar v0.2.0 h1:vEmeszAm62kB02Qh/oXQNrVR8p6G00WAJIkVRJYzekc=
github.com/fzipp/astar v0.2.0/go.mod h1:1zYE8kcTMuS0g+b9Vh9lfR7t0MleOH6EneyA3esiLEc=
github.com/fzipp/canvas v0.4.0 h1:rdMu73yzPgDAuyZHez5pfX1v6cVMWP9ikuXxzh69kMk=
github.com/fzipp/canvas v0.4.0/go.mod h1:k4V/4an1tCIOR4RrXcDtuUzGU19wfOkl7qUySmBjvgw=
github.com/fzipp/geom v1.0.0 h1:QhTKV8gNOBdyCNE8hlv4UKmUNYtxzds/Z392LwH4uQw=
github.com/fzipp/geom v1.0.0/go.mod h1:gdaEjeI2z7tzxsrDwK86/4qZF3dbkoEhuGY+NCJLV6M=
github.com/fzipp/pathfind v0.1.0 h1:I+AwYMowS7qBaIr1nyCk5803ICfq66/eC/yhOhltm24=
github.com/fzipp/pathfind v0.1.0/go.mod h1:dJxGvF8XMmCZcPloBSyZPn2XsRxsSzuOWkg8uWq8R+s=
github.com/google/go-cmp v0.5.9 h1:O2Tfq5qg4qc4AmwVlvv0oLiVAGB7enBSJ2x2DqQFi38=
github.com/google/go-cmp v0.5.9/go.mod h1:17dUlkBOakJ0+DkrSSNjCkIjxS6bF9zb3elmeNGIjoY=
github.com/gorilla/websocket v1.5.1 h1:gmztn0JnHVt9JZquRuzLw3g4wouNVzKL15iLr/zn/QY=
github.com/gorilla/websocket v1.5.1/go.mod h1:x3kM2JMyaluk02fnUJpQuwD2dCS5NDG2ZHL0uE0tcaY=
golang.org/x/net v0.21.0 h1:AQyQV4dYCvJ7vGmJyKki9+PBdyvhkSd8EIx/qb0AYv4=
golang.org/x/net v0.21.0/go.mod h1:bIjVDfnllIU7BJ2DNgfnXvpSvtn8VRwhlsaeUTyUS44=
