github.com/fzipp/astar v0.2.0 h1:vEmeszAm62kB02Qh/oXQNrVR8p6G00WAJIkVRJYzekc=
github.com/fzipp/astar v0.2.0/go.mod h1:1zYE8kcTMuS0g+b9Vh9lfR7t0MleOH6EneyA3esiLEc=
github.com/fzipp/geom v1.0.0 h1:QhTKV8gNOBdyCNE8hlv4UKmUNYtxzds/Z392LwH4uQw=
github.com/fzipp/geom v1.0.0/go.mod h1:gdaEjeI2z7tzxsrDwK86/4qZF3dbkoEhuGY+NCJLV6M=
